// !$*UTF8*$!
{
	archiveVersion = 1;
	classes = {
	};
	objectVersion = 48;
	objects = {

/* Begin PBXBuildFile section */
		1600EFCBDF01529491910C3A /* Pods_yeslap.framework in Frameworks */ = {isa = PBXBuildFile; fileRef = 781245311ABE6DC30C90E9D9 /* Pods_yeslap.framework */; };
		6978A4823AF3057CF804BCEC /* Pods_yeslapUITests.framework in Frameworks */ = {isa = PBXBuildFile; fileRef = 50C122BB1E701725F37ABE2C /* Pods_yeslapUITests.framework */; };
		825F6B1D1D1EBBB3A3D4B359 /* Pods_yeslapTests.framework in Frameworks */ = {isa = PBXBuildFile; fileRef = 1ADB870B935F5A51EA31A3B4 /* Pods_yeslapTests.framework */; };
		F4A0B8681F87E4B9008E4743 /* AppDelegate.swift in Sources */ = {isa = PBXBuildFile; fileRef = F4A0B8671F87E4B9008E4743 /* AppDelegate.swift */; };
		F4A0B86A1F87E4B9008E4743 /* ViewController.swift in Sources */ = {isa = PBXBuildFile; fileRef = F4A0B8691F87E4B9008E4743 /* ViewController.swift */; };
		F4A0B86D1F87E4B9008E4743 /* Main.storyboard in Resources */ = {isa = PBXBuildFile; fileRef = F4A0B86B1F87E4B9008E4743 /* Main.storyboard */; };
		F4A0B86F1F87E4B9008E4743 /* Assets.xcassets in Resources */ = {isa = PBXBuildFile; fileRef = F4A0B86E1F87E4B9008E4743 /* Assets.xcassets */; };
		F4A0B8721F87E4B9008E4743 /* LaunchScreen.storyboard in Resources */ = {isa = PBXBuildFile; fileRef = F4A0B8701F87E4B9008E4743 /* LaunchScreen.storyboard */; };
		F4A0B87D1F87E4B9008E4743 /* yeslapTests.swift in Sources */ = {isa = PBXBuildFile; fileRef = F4A0B87C1F87E4B9008E4743 /* yeslapTests.swift */; };
		F4A0B8881F87E4B9008E4743 /* yeslapUITests.swift in Sources */ = {isa = PBXBuildFile; fileRef = F4A0B8871F87E4B9008E4743 /* yeslapUITests.swift */; };
		F4A0B8961F87E772008E4743 /* .gitignore in Resources */ = {isa = PBXBuildFile; fileRef = F4A0B8951F87E771008E4743 /* .gitignore */; };
/* End PBXBuildFile section */

/* Begin PBXContainerItemProxy section */
		F4A0B8791F87E4B9008E4743 /* PBXContainerItemProxy */ = {
			isa = PBXContainerItemProxy;
			containerPortal = F4A0B85C1F87E4B9008E4743 /* Project object */;
			proxyType = 1;
			remoteGlobalIDString = F4A0B8631F87E4B9008E4743;
			remoteInfo = yeslap;
		};
		F4A0B8841F87E4B9008E4743 /* PBXContainerItemProxy */ = {
			isa = PBXContainerItemProxy;
			containerPortal = F4A0B85C1F87E4B9008E4743 /* Project object */;
			proxyType = 1;
			remoteGlobalIDString = F4A0B8631F87E4B9008E4743;
			remoteInfo = yeslap;
		};
/* End PBXContainerItemProxy section */

/* Begin PBXFileReference section */
		09F582AE9009EDBC8D4E6FEF /* Pods-yeslapUITests.debug.xcconfig */ = {isa = PBXFileReference; includeInIndex = 1; lastKnownFileType = text.xcconfig; name = "Pods-yeslapUITests.debug.xcconfig"; path = "Pods/Target Support Files/Pods-yeslapUITests/Pods-yeslapUITests.debug.xcconfig"; sourceTree = "<group>"; };
		1ADB870B935F5A51EA31A3B4 /* Pods_yeslapTests.framework */ = {isa = PBXFileReference; explicitFileType = wrapper.framework; includeInIndex = 0; path = Pods_yeslapTests.framework; sourceTree = BUILT_PRODUCTS_DIR; };
		433B38227CCB3621D8D9EB64 /* Pods-yeslap.debug.xcconfig */ = {isa = PBXFileReference; includeInIndex = 1; lastKnownFileType = text.xcconfig; name = "Pods-yeslap.debug.xcconfig"; path = "Pods/Target Support Files/Pods-yeslap/Pods-yeslap.debug.xcconfig"; sourceTree = "<group>"; };
		453861F625766929E0D37220 /* Pods-yeslap.release.xcconfig */ = {isa = PBXFileReference; includeInIndex = 1; lastKnownFileType = text.xcconfig; name = "Pods-yeslap.release.xcconfig"; path = "Pods/Target Support Files/Pods-yeslap/Pods-yeslap.release.xcconfig"; sourceTree = "<group>"; };
		50C122BB1E701725F37ABE2C /* Pods_yeslapUITests.framework */ = {isa = PBXFileReference; explicitFileType = wrapper.framework; includeInIndex = 0; path = Pods_yeslapUITests.framework; sourceTree = BUILT_PRODUCTS_DIR; };
		781245311ABE6DC30C90E9D9 /* Pods_yeslap.framework */ = {isa = PBXFileReference; explicitFileType = wrapper.framework; includeInIndex = 0; path = Pods_yeslap.framework; sourceTree = BUILT_PRODUCTS_DIR; };
		A0D42EF488F2E9364099790D /* Pods-yeslapTests.debug.xcconfig */ = {isa = PBXFileReference; includeInIndex = 1; lastKnownFileType = text.xcconfig; name = "Pods-yeslapTests.debug.xcconfig"; path = "Pods/Target Support Files/Pods-yeslapTests/Pods-yeslapTests.debug.xcconfig"; sourceTree = "<group>"; };
		A6FA92A77880045EF9B82AE9 /* Pods-yeslapTests.release.xcconfig */ = {isa = PBXFileReference; includeInIndex = 1; lastKnownFileType = text.xcconfig; name = "Pods-yeslapTests.release.xcconfig"; path = "Pods/Target Support Files/Pods-yeslapTests/Pods-yeslapTests.release.xcconfig"; sourceTree = "<group>"; };
		D71524B95663A43875C1B702 /* Pods-yeslapUITests.release.xcconfig */ = {isa = PBXFileReference; includeInIndex = 1; lastKnownFileType = text.xcconfig; name = "Pods-yeslapUITests.release.xcconfig"; path = "Pods/Target Support Files/Pods-yeslapUITests/Pods-yeslapUITests.release.xcconfig"; sourceTree = "<group>"; };
		F4A0B8641F87E4B9008E4743 /* yeslap.app */ = {isa = PBXFileReference; explicitFileType = wrapper.application; includeInIndex = 0; path = yeslap.app; sourceTree = BUILT_PRODUCTS_DIR; };
		F4A0B8671F87E4B9008E4743 /* AppDelegate.swift */ = {isa = PBXFileReference; lastKnownFileType = sourcecode.swift; path = AppDelegate.swift; sourceTree = "<group>"; };
		F4A0B8691F87E4B9008E4743 /* ViewController.swift */ = {isa = PBXFileReference; lastKnownFileType = sourcecode.swift; path = ViewController.swift; sourceTree = "<group>"; };
		F4A0B86C1F87E4B9008E4743 /* Base */ = {isa = PBXFileReference; lastKnownFileType = file.storyboard; name = Base; path = Base.lproj/Main.storyboard; sourceTree = "<group>"; };
		F4A0B86E1F87E4B9008E4743 /* Assets.xcassets */ = {isa = PBXFileReference; lastKnownFileType = folder.assetcatalog; path = Assets.xcassets; sourceTree = "<group>"; };
		F4A0B8711F87E4B9008E4743 /* Base */ = {isa = PBXFileReference; lastKnownFileType = file.storyboard; name = Base; path = Base.lproj/LaunchScreen.storyboard; sourceTree = "<group>"; };
		F4A0B8731F87E4B9008E4743 /* Info.plist */ = {isa = PBXFileReference; lastKnownFileType = text.plist.xml; path = Info.plist; sourceTree = "<group>"; };
		F4A0B8781F87E4B9008E4743 /* yeslapTests.xctest */ = {isa = PBXFileReference; explicitFileType = wrapper.cfbundle; includeInIndex = 0; path = yeslapTests.xctest; sourceTree = BUILT_PRODUCTS_DIR; };
		F4A0B87C1F87E4B9008E4743 /* yeslapTests.swift */ = {isa = PBXFileReference; lastKnownFileType = sourcecode.swift; path = yeslapTests.swift; sourceTree = "<group>"; };
		F4A0B87E1F87E4B9008E4743 /* Info.plist */ = {isa = PBXFileReference; lastKnownFileType = text.plist.xml; path = Info.plist; sourceTree = "<group>"; };
		F4A0B8831F87E4B9008E4743 /* yeslapUITests.xctest */ = {isa = PBXFileReference; explicitFileType = wrapper.cfbundle; includeInIndex = 0; path = yeslapUITests.xctest; sourceTree = BUILT_PRODUCTS_DIR; };
		F4A0B8871F87E4B9008E4743 /* yeslapUITests.swift */ = {isa = PBXFileReference; lastKnownFileType = sourcecode.swift; path = yeslapUITests.swift; sourceTree = "<group>"; };
		F4A0B8891F87E4B9008E4743 /* Info.plist */ = {isa = PBXFileReference; lastKnownFileType = text.plist.xml; path = Info.plist; sourceTree = "<group>"; };
		F4A0B8951F87E771008E4743 /* .gitignore */ = {isa = PBXFileReference; fileEncoding = 4; lastKnownFileType = text; path = .gitignore; sourceTree = "<group>"; };
		F4A0B8981F8BD766008E4743 /* GoogleService-Info.plist */ = {isa = PBXFileReference; lastKnownFileType = text.plist.xml; path = "GoogleService-Info.plist"; sourceTree = "<group>"; };
/* End PBXFileReference section */

/* Begin PBXFrameworksBuildPhase section */
		F4A0B8611F87E4B9008E4743 /* Frameworks */ = {
			isa = PBXFrameworksBuildPhase;
			buildActionMask = 2147483647;
			files = (
				1600EFCBDF01529491910C3A /* Pods_yeslap.framework in Frameworks */,
			);
			runOnlyForDeploymentPostprocessing = 0;
		};
		F4A0B8751F87E4B9008E4743 /* Frameworks */ = {
			isa = PBXFrameworksBuildPhase;
			buildActionMask = 2147483647;
			files = (
				825F6B1D1D1EBBB3A3D4B359 /* Pods_yeslapTests.framework in Frameworks */,
			);
			runOnlyForDeploymentPostprocessing = 0;
		};
		F4A0B8801F87E4B9008E4743 /* Frameworks */ = {
			isa = PBXFrameworksBuildPhase;
			buildActionMask = 2147483647;
			files = (
				6978A4823AF3057CF804BCEC /* Pods_yeslapUITests.framework in Frameworks */,
			);
			runOnlyForDeploymentPostprocessing = 0;
		};
/* End PBXFrameworksBuildPhase section */

/* Begin PBXGroup section */
		7869D670E1C9203220151609 /* Frameworks */ = {
			isa = PBXGroup;
			children = (
				781245311ABE6DC30C90E9D9 /* Pods_yeslap.framework */,
				1ADB870B935F5A51EA31A3B4 /* Pods_yeslapTests.framework */,
				50C122BB1E701725F37ABE2C /* Pods_yeslapUITests.framework */,
			);
			name = Frameworks;
			sourceTree = "<group>";
		};
		95428D8949C77BFBFC72D772 /* Pods */ = {
			isa = PBXGroup;
			children = (
				433B38227CCB3621D8D9EB64 /* Pods-yeslap.debug.xcconfig */,
				453861F625766929E0D37220 /* Pods-yeslap.release.xcconfig */,
				A0D42EF488F2E9364099790D /* Pods-yeslapTests.debug.xcconfig */,
				A6FA92A77880045EF9B82AE9 /* Pods-yeslapTests.release.xcconfig */,
				09F582AE9009EDBC8D4E6FEF /* Pods-yeslapUITests.debug.xcconfig */,
				D71524B95663A43875C1B702 /* Pods-yeslapUITests.release.xcconfig */,
			);
			name = Pods;
			sourceTree = "<group>";
		};
		F4A0B85B1F87E4B9008E4743 = {
			isa = PBXGroup;
			children = (
				F4A0B8951F87E771008E4743 /* .gitignore */,
				F4A0B8981F8BD766008E4743 /* GoogleService-Info.plist */,
				F4A0B8661F87E4B9008E4743 /* yeslap */,
				F4A0B87B1F87E4B9008E4743 /* yeslapTests */,
				F4A0B8861F87E4B9008E4743 /* yeslapUITests */,
				F4A0B8651F87E4B9008E4743 /* Products */,
				95428D8949C77BFBFC72D772 /* Pods */,
				7869D670E1C9203220151609 /* Frameworks */,
			);
			sourceTree = "<group>";
		};
		F4A0B8651F87E4B9008E4743 /* Products */ = {
			isa = PBXGroup;
			children = (
				F4A0B8641F87E4B9008E4743 /* yeslap.app */,
				F4A0B8781F87E4B9008E4743 /* yeslapTests.xctest */,
				F4A0B8831F87E4B9008E4743 /* yeslapUITests.xctest */,
			);
			name = Products;
			sourceTree = "<group>";
		};
		F4A0B8661F87E4B9008E4743 /* yeslap */ = {
			isa = PBXGroup;
			children = (
				F4A0B8671F87E4B9008E4743 /* AppDelegate.swift */,
				F4A0B8691F87E4B9008E4743 /* ViewController.swift */,
				F4A0B86B1F87E4B9008E4743 /* Main.storyboard */,
				F4A0B86E1F87E4B9008E4743 /* Assets.xcassets */,
				F4A0B8701F87E4B9008E4743 /* LaunchScreen.storyboard */,
				F4A0B8731F87E4B9008E4743 /* Info.plist */,
			);
			path = yeslap;
			sourceTree = "<group>";
		};
		F4A0B87B1F87E4B9008E4743 /* yeslapTests */ = {
			isa = PBXGroup;
			children = (
				F4A0B87C1F87E4B9008E4743 /* yeslapTests.swift */,
				F4A0B87E1F87E4B9008E4743 /* Info.plist */,
			);
			path = yeslapTests;
			sourceTree = "<group>";
		};
		F4A0B8861F87E4B9008E4743 /* yeslapUITests */ = {
			isa = PBXGroup;
			children = (
				F4A0B8871F87E4B9008E4743 /* yeslapUITests.swift */,
				F4A0B8891F87E4B9008E4743 /* Info.plist */,
			);
			path = yeslapUITests;
			sourceTree = "<group>";
		};
/* End PBXGroup section */

/* Begin PBXNativeTarget section */
		F4A0B8631F87E4B9008E4743 /* yeslap */ = {
			isa = PBXNativeTarget;
			buildConfigurationList = F4A0B88C1F87E4B9008E4743 /* Build configuration list for PBXNativeTarget "yeslap" */;
			buildPhases = (
				E6B7E3E7E2C8F8D2171C7DE8 /* [CP] Check Pods Manifest.lock */,
				F4A0B8601F87E4B9008E4743 /* Sources */,
				F4A0B8611F87E4B9008E4743 /* Frameworks */,
				F4A0B8621F87E4B9008E4743 /* Resources */,
				BB01AD235871576DFF51ADA4 /* [CP] Embed Pods Frameworks */,
				2CEB3B65B064A5153BF85A27 /* [CP] Copy Pods Resources */,
			);
			buildRules = (
			);
			dependencies = (
			);
			name = yeslap;
			productName = yeslap;
			productReference = F4A0B8641F87E4B9008E4743 /* yeslap.app */;
			productType = "com.apple.product-type.application";
		};
		F4A0B8771F87E4B9008E4743 /* yeslapTests */ = {
			isa = PBXNativeTarget;
			buildConfigurationList = F4A0B88F1F87E4B9008E4743 /* Build configuration list for PBXNativeTarget "yeslapTests" */;
			buildPhases = (
				CE77A5AF604AB9C09816C25D /* [CP] Check Pods Manifest.lock */,
				F4A0B8741F87E4B9008E4743 /* Sources */,
				F4A0B8751F87E4B9008E4743 /* Frameworks */,
				F4A0B8761F87E4B9008E4743 /* Resources */,
				E8B0AE13CE0CC10A4D68191E /* [CP] Embed Pods Frameworks */,
				0A6B18ECB6EA30993C137E0C /* [CP] Copy Pods Resources */,
			);
			buildRules = (
			);
			dependencies = (
				F4A0B87A1F87E4B9008E4743 /* PBXTargetDependency */,
			);
			name = yeslapTests;
			productName = yeslapTests;
			productReference = F4A0B8781F87E4B9008E4743 /* yeslapTests.xctest */;
			productType = "com.apple.product-type.bundle.unit-test";
		};
		F4A0B8821F87E4B9008E4743 /* yeslapUITests */ = {
			isa = PBXNativeTarget;
			buildConfigurationList = F4A0B8921F87E4B9008E4743 /* Build configuration list for PBXNativeTarget "yeslapUITests" */;
			buildPhases = (
				8F968825A61E13200249C8DA /* [CP] Check Pods Manifest.lock */,
				F4A0B87F1F87E4B9008E4743 /* Sources */,
				F4A0B8801F87E4B9008E4743 /* Frameworks */,
				F4A0B8811F87E4B9008E4743 /* Resources */,
				9D089C72A9474A9C6FB10EEE /* [CP] Embed Pods Frameworks */,
				C2BCC0A4632CF8F2FAB53526 /* [CP] Copy Pods Resources */,
			);
			buildRules = (
			);
			dependencies = (
				F4A0B8851F87E4B9008E4743 /* PBXTargetDependency */,
			);
			name = yeslapUITests;
			productName = yeslapUITests;
			productReference = F4A0B8831F87E4B9008E4743 /* yeslapUITests.xctest */;
			productType = "com.apple.product-type.bundle.ui-testing";
		};
/* End PBXNativeTarget section */

/* Begin PBXProject section */
		F4A0B85C1F87E4B9008E4743 /* Project object */ = {
			isa = PBXProject;
			attributes = {
				LastSwiftUpdateCheck = 0900;
				LastUpgradeCheck = 0900;
				ORGANIZATIONNAME = "Bruno Lemgruber";
				TargetAttributes = {
					F4A0B8631F87E4B9008E4743 = {
						CreatedOnToolsVersion = 9.0;
						ProvisioningStyle = Automatic;
					};
					F4A0B8771F87E4B9008E4743 = {
						CreatedOnToolsVersion = 9.0;
						ProvisioningStyle = Automatic;
						TestTargetID = F4A0B8631F87E4B9008E4743;
					};
					F4A0B8821F87E4B9008E4743 = {
						CreatedOnToolsVersion = 9.0;
						ProvisioningStyle = Automatic;
						TestTargetID = F4A0B8631F87E4B9008E4743;
					};
				};
			};
			buildConfigurationList = F4A0B85F1F87E4B9008E4743 /* Build configuration list for PBXProject "yeslap" */;
			compatibilityVersion = "Xcode 8.0";
			developmentRegion = en;
			hasScannedForEncodings = 0;
			knownRegions = (
				en,
				Base,
			);
			mainGroup = F4A0B85B1F87E4B9008E4743;
			productRefGroup = F4A0B8651F87E4B9008E4743 /* Products */;
			projectDirPath = "";
			projectRoot = "";
			targets = (
				F4A0B8631F87E4B9008E4743 /* yeslap */,
				F4A0B8771F87E4B9008E4743 /* yeslapTests */,
				F4A0B8821F87E4B9008E4743 /* yeslapUITests */,
			);
		};
/* End PBXProject section */

/* Begin PBXResourcesBuildPhase section */
		F4A0B8621F87E4B9008E4743 /* Resources */ = {
			isa = PBXResourcesBuildPhase;
			buildActionMask = 2147483647;
			files = (
				F4A0B8961F87E772008E4743 /* .gitignore in Resources */,
				F4A0B8721F87E4B9008E4743 /* LaunchScreen.storyboard in Resources */,
				F4A0B86F1F87E4B9008E4743 /* Assets.xcassets in Resources */,
				F4A0B86D1F87E4B9008E4743 /* Main.storyboard in Resources */,
			);
			runOnlyForDeploymentPostprocessing = 0;
		};
		F4A0B8761F87E4B9008E4743 /* Resources */ = {
			isa = PBXResourcesBuildPhase;
			buildActionMask = 2147483647;
			files = (
			);
			runOnlyForDeploymentPostprocessing = 0;
		};
		F4A0B8811F87E4B9008E4743 /* Resources */ = {
			isa = PBXResourcesBuildPhase;
			buildActionMask = 2147483647;
			files = (
			);
			runOnlyForDeploymentPostprocessing = 0;
		};
/* End PBXResourcesBuildPhase section */

/* Begin PBXShellScriptBuildPhase section */
		0A6B18ECB6EA30993C137E0C /* [CP] Copy Pods Resources */ = {
			isa = PBXShellScriptBuildPhase;
			buildActionMask = 2147483647;
			files = (
			);
			inputPaths = (
			);
			name = "[CP] Copy Pods Resources";
			outputPaths = (
			);
			runOnlyForDeploymentPostprocessing = 0;
			shellPath = /bin/sh;
			shellScript = "\"${SRCROOT}/Pods/Target Support Files/Pods-yeslapTests/Pods-yeslapTests-resources.sh\"\n";
			showEnvVarsInLog = 0;
		};
		2CEB3B65B064A5153BF85A27 /* [CP] Copy Pods Resources */ = {
			isa = PBXShellScriptBuildPhase;
			buildActionMask = 2147483647;
			files = (
			);
			inputPaths = (
			);
			name = "[CP] Copy Pods Resources";
			outputPaths = (
			);
			runOnlyForDeploymentPostprocessing = 0;
			shellPath = /bin/sh;
			shellScript = "\"${SRCROOT}/Pods/Target Support Files/Pods-yeslap/Pods-yeslap-resources.sh\"\n";
			showEnvVarsInLog = 0;
		};
		8F968825A61E13200249C8DA /* [CP] Check Pods Manifest.lock */ = {
			isa = PBXShellScriptBuildPhase;
			buildActionMask = 2147483647;
			files = (
			);
			inputPaths = (
				"${PODS_PODFILE_DIR_PATH}/Podfile.lock",
				"${PODS_ROOT}/Manifest.lock",
			);
			name = "[CP] Check Pods Manifest.lock";
			outputPaths = (
				"$(DERIVED_FILE_DIR)/Pods-yeslapUITests-checkManifestLockResult.txt",
			);
			runOnlyForDeploymentPostprocessing = 0;
			shellPath = /bin/sh;
			shellScript = "diff \"${PODS_PODFILE_DIR_PATH}/Podfile.lock\" \"${PODS_ROOT}/Manifest.lock\" > /dev/null\nif [ $? != 0 ] ; then\n    # print error to STDERR\n    echo \"error: The sandbox is not in sync with the Podfile.lock. Run 'pod install' or update your CocoaPods installation.\" >&2\n    exit 1\nfi\n# This output is used by Xcode 'outputs' to avoid re-running this script phase.\necho \"SUCCESS\" > \"${SCRIPT_OUTPUT_FILE_0}\"\n";
			showEnvVarsInLog = 0;
		};
		9D089C72A9474A9C6FB10EEE /* [CP] Embed Pods Frameworks */ = {
			isa = PBXShellScriptBuildPhase;
			buildActionMask = 2147483647;
			files = (
			);
			inputPaths = (
			);
			name = "[CP] Embed Pods Frameworks";
			outputPaths = (
			);
			runOnlyForDeploymentPostprocessing = 0;
			shellPath = /bin/sh;
			shellScript = "\"${SRCROOT}/Pods/Target Support Files/Pods-yeslapUITests/Pods-yeslapUITests-frameworks.sh\"\n";
			showEnvVarsInLog = 0;
		};
		BB01AD235871576DFF51ADA4 /* [CP] Embed Pods Frameworks */ = {
			isa = PBXShellScriptBuildPhase;
			buildActionMask = 2147483647;
			files = (
			);
			inputPaths = (
				"${SRCROOT}/Pods/Target Support Files/Pods-yeslap/Pods-yeslap-frameworks.sh",
				"${BUILT_PRODUCTS_DIR}/Alamofire/Alamofire.framework",
				"${BUILT_PRODUCTS_DIR}/AlamofireImage/AlamofireImage.framework",
				"${BUILT_PRODUCTS_DIR}/Realm/Realm.framework",
				"${BUILT_PRODUCTS_DIR}/RealmSwift/RealmSwift.framework",
			);
			name = "[CP] Embed Pods Frameworks";
			outputPaths = (
				"${TARGET_BUILD_DIR}/${FRAMEWORKS_FOLDER_PATH}/Alamofire.framework",
				"${TARGET_BUILD_DIR}/${FRAMEWORKS_FOLDER_PATH}/AlamofireImage.framework",
				"${TARGET_BUILD_DIR}/${FRAMEWORKS_FOLDER_PATH}/Realm.framework",
				"${TARGET_BUILD_DIR}/${FRAMEWORKS_FOLDER_PATH}/RealmSwift.framework",
			);
			runOnlyForDeploymentPostprocessing = 0;
			shellPath = /bin/sh;
			shellScript = "\"${SRCROOT}/Pods/Target Support Files/Pods-yeslap/Pods-yeslap-frameworks.sh\"\n";
			showEnvVarsInLog = 0;
		};
		C2BCC0A4632CF8F2FAB53526 /* [CP] Copy Pods Resources */ = {
			isa = PBXShellScriptBuildPhase;
			buildActionMask = 2147483647;
			files = (
			);
			inputPaths = (
			);
			name = "[CP] Copy Pods Resources";
			outputPaths = (
			);
			runOnlyForDeploymentPostprocessing = 0;
			shellPath = /bin/sh;
			shellScript = "\"${SRCROOT}/Pods/Target Support Files/Pods-yeslapUITests/Pods-yeslapUITests-resources.sh\"\n";
			showEnvVarsInLog = 0;
		};
		CE77A5AF604AB9C09816C25D /* [CP] Check Pods Manifest.lock */ = {
			isa = PBXShellScriptBuildPhase;
			buildActionMask = 2147483647;
			files = (
			);
			inputPaths = (
				"${PODS_PODFILE_DIR_PATH}/Podfile.lock",
				"${PODS_ROOT}/Manifest.lock",
			);
			name = "[CP] Check Pods Manifest.lock";
			outputPaths = (
				"$(DERIVED_FILE_DIR)/Pods-yeslapTests-checkManifestLockResult.txt",
			);
			runOnlyForDeploymentPostprocessing = 0;
			shellPath = /bin/sh;
			shellScript = "diff \"${PODS_PODFILE_DIR_PATH}/Podfile.lock\" \"${PODS_ROOT}/Manifest.lock\" > /dev/null\nif [ $? != 0 ] ; then\n    # print error to STDERR\n    echo \"error: The sandbox is not in sync with the Podfile.lock. Run 'pod install' or update your CocoaPods installation.\" >&2\n    exit 1\nfi\n# This output is used by Xcode 'outputs' to avoid re-running this script phase.\necho \"SUCCESS\" > \"${SCRIPT_OUTPUT_FILE_0}\"\n";
			showEnvVarsInLog = 0;
		};
		E6B7E3E7E2C8F8D2171C7DE8 /* [CP] Check Pods Manifest.lock */ = {
			isa = PBXShellScriptBuildPhase;
			buildActionMask = 2147483647;
			files = (
			);
			inputPaths = (
				"${PODS_PODFILE_DIR_PATH}/Podfile.lock",
				"${PODS_ROOT}/Manifest.lock",
			);
			name = "[CP] Check Pods Manifest.lock";
			outputPaths = (
				"$(DERIVED_FILE_DIR)/Pods-yeslap-checkManifestLockResult.txt",
			);
			runOnlyForDeploymentPostprocessing = 0;
			shellPath = /bin/sh;
			shellScript = "diff \"${PODS_PODFILE_DIR_PATH}/Podfile.lock\" \"${PODS_ROOT}/Manifest.lock\" > /dev/null\nif [ $? != 0 ] ; then\n    # print error to STDERR\n    echo \"error: The sandbox is not in sync with the Podfile.lock. Run 'pod install' or update your CocoaPods installation.\" >&2\n    exit 1\nfi\n# This output is used by Xcode 'outputs' to avoid re-running this script phase.\necho \"SUCCESS\" > \"${SCRIPT_OUTPUT_FILE_0}\"\n";
			showEnvVarsInLog = 0;
		};
		E8B0AE13CE0CC10A4D68191E /* [CP] Embed Pods Frameworks */ = {
			isa = PBXShellScriptBuildPhase;
			buildActionMask = 2147483647;
			files = (
			);
			inputPaths = (
			);
			name = "[CP] Embed Pods Frameworks";
			outputPaths = (
			);
			runOnlyForDeploymentPostprocessing = 0;
			shellPath = /bin/sh;
			shellScript = "\"${SRCROOT}/Pods/Target Support Files/Pods-yeslapTests/Pods-yeslapTests-frameworks.sh\"\n";
			showEnvVarsInLog = 0;
		};
/* End PBXShellScriptBuildPhase section */

/* Begin PBXSourcesBuildPhase section */
		F4A0B8601F87E4B9008E4743 /* Sources */ = {
			isa = PBXSourcesBuildPhase;
			buildActionMask = 2147483647;
			files = (
				F4A0B86A1F87E4B9008E4743 /* ViewController.swift in Sources */,
				F4A0B8681F87E4B9008E4743 /* AppDelegate.swift in Sources */,
			);
			runOnlyForDeploymentPostprocessing = 0;
		};
		F4A0B8741F87E4B9008E4743 /* Sources */ = {
			isa = PBXSourcesBuildPhase;
			buildActionMask = 2147483647;
			files = (
				F4A0B87D1F87E4B9008E4743 /* yeslapTests.swift in Sources */,
			);
			runOnlyForDeploymentPostprocessing = 0;
		};
		F4A0B87F1F87E4B9008E4743 /* Sources */ = {
			isa = PBXSourcesBuildPhase;
			buildActionMask = 2147483647;
			files = (
				F4A0B8881F87E4B9008E4743 /* yeslapUITests.swift in Sources */,
			);
			runOnlyForDeploymentPostprocessing = 0;
		};
/* End PBXSourcesBuildPhase section */

/* Begin PBXTargetDependency section */
		F4A0B87A1F87E4B9008E4743 /* PBXTargetDependency */ = {
			isa = PBXTargetDependency;
			target = F4A0B8631F87E4B9008E4743 /* yeslap */;
			targetProxy = F4A0B8791F87E4B9008E4743 /* PBXContainerItemProxy */;
		};
		F4A0B8851F87E4B9008E4743 /* PBXTargetDependency */ = {
			isa = PBXTargetDependency;
			target = F4A0B8631F87E4B9008E4743 /* yeslap */;
			targetProxy = F4A0B8841F87E4B9008E4743 /* PBXContainerItemProxy */;
		};
/* End PBXTargetDependency section */

/* Begin PBXVariantGroup section */
		F4A0B86B1F87E4B9008E4743 /* Main.storyboard */ = {
			isa = PBXVariantGroup;
			children = (
				F4A0B86C1F87E4B9008E4743 /* Base */,
			);
			name = Main.storyboard;
			sourceTree = "<group>";
		};
		F4A0B8701F87E4B9008E4743 /* LaunchScreen.storyboard */ = {
			isa = PBXVariantGroup;
			children = (
				F4A0B8711F87E4B9008E4743 /* Base */,
			);
			name = LaunchScreen.storyboard;
			sourceTree = "<group>";
		};
/* End PBXVariantGroup section */

/* Begin XCBuildConfiguration section */
		F4A0B88A1F87E4B9008E4743 /* Debug */ = {
			isa = XCBuildConfiguration;
			buildSettings = {
				ALWAYS_SEARCH_USER_PATHS = NO;
				CLANG_ANALYZER_NONNULL = YES;
				CLANG_ANALYZER_NUMBER_OBJECT_CONVERSION = YES_AGGRESSIVE;
				CLANG_CXX_LANGUAGE_STANDARD = "gnu++14";
				CLANG_CXX_LIBRARY = "libc++";
				CLANG_ENABLE_MODULES = YES;
				CLANG_ENABLE_OBJC_ARC = YES;
				CLANG_WARN_BLOCK_CAPTURE_AUTORELEASING = YES;
				CLANG_WARN_BOOL_CONVERSION = YES;
				CLANG_WARN_COMMA = YES;
				CLANG_WARN_CONSTANT_CONVERSION = YES;
				CLANG_WARN_DIRECT_OBJC_ISA_USAGE = YES_ERROR;
				CLANG_WARN_DOCUMENTATION_COMMENTS = YES;
				CLANG_WARN_EMPTY_BODY = YES;
				CLANG_WARN_ENUM_CONVERSION = YES;
				CLANG_WARN_INFINITE_RECURSION = YES;
				CLANG_WARN_INT_CONVERSION = YES;
				CLANG_WARN_NON_LITERAL_NULL_CONVERSION = YES;
				CLANG_WARN_OBJC_LITERAL_CONVERSION = YES;
				CLANG_WARN_OBJC_ROOT_CLASS = YES_ERROR;
				CLANG_WARN_RANGE_LOOP_ANALYSIS = YES;
				CLANG_WARN_STRICT_PROTOTYPES = YES;
				CLANG_WARN_SUSPICIOUS_MOVE = YES;
				CLANG_WARN_UNGUARDED_AVAILABILITY = YES_AGGRESSIVE;
				CLANG_WARN_UNREACHABLE_CODE = YES;
				CLANG_WARN__DUPLICATE_METHOD_MATCH = YES;
				CODE_SIGN_IDENTITY = "iPhone Developer";
				COPY_PHASE_STRIP = NO;
				DEBUG_INFORMATION_FORMAT = dwarf;
				ENABLE_STRICT_OBJC_MSGSEND = YES;
				ENABLE_TESTABILITY = YES;
				GCC_C_LANGUAGE_STANDARD = gnu11;
				GCC_DYNAMIC_NO_PIC = NO;
				GCC_NO_COMMON_BLOCKS = YES;
				GCC_OPTIMIZATION_LEVEL = 0;
				GCC_PREPROCESSOR_DEFINITIONS = (
					"DEBUG=1",
					"$(inherited)",
				);
				GCC_WARN_64_TO_32_BIT_CONVERSION = YES;
				GCC_WARN_ABOUT_RETURN_TYPE = YES_ERROR;
				GCC_WARN_UNDECLARED_SELECTOR = YES;
				GCC_WARN_UNINITIALIZED_AUTOS = YES_AGGRESSIVE;
				GCC_WARN_UNUSED_FUNCTION = YES;
				GCC_WARN_UNUSED_VARIABLE = YES;
				IPHONEOS_DEPLOYMENT_TARGET = 11.0;
				MTL_ENABLE_DEBUG_INFO = YES;
				ONLY_ACTIVE_ARCH = YES;
				SDKROOT = iphoneos;
				SWIFT_ACTIVE_COMPILATION_CONDITIONS = DEBUG;
				SWIFT_OPTIMIZATION_LEVEL = "-Onone";
			};
			name = Debug;
		};
		F4A0B88B1F87E4B9008E4743 /* Release */ = {
			isa = XCBuildConfiguration;
			buildSettings = {
				ALWAYS_SEARCH_USER_PATHS = NO;
				CLANG_ANALYZER_NONNULL = YES;
				CLANG_ANALYZER_NUMBER_OBJECT_CONVERSION = YES_AGGRESSIVE;
				CLANG_CXX_LANGUAGE_STANDARD = "gnu++14";
				CLANG_CXX_LIBRARY = "libc++";
				CLANG_ENABLE_MODULES = YES;
				CLANG_ENABLE_OBJC_ARC = YES;
				CLANG_WARN_BLOCK_CAPTURE_AUTORELEASING = YES;
				CLANG_WARN_BOOL_CONVERSION = YES;
				CLANG_WARN_COMMA = YES;
				CLANG_WARN_CONSTANT_CONVERSION = YES;
				CLANG_WARN_DIRECT_OBJC_ISA_USAGE = YES_ERROR;
				CLANG_WARN_DOCUMENTATION_COMMENTS = YES;
				CLANG_WARN_EMPTY_BODY = YES;
				CLANG_WARN_ENUM_CONVERSION = YES;
				CLANG_WARN_INFINITE_RECURSION = YES;
				CLANG_WARN_INT_CONVERSION = YES;
				CLANG_WARN_NON_LITERAL_NULL_CONVERSION = YES;
				CLANG_WARN_OBJC_LITERAL_CONVERSION = YES;
				CLANG_WARN_OBJC_ROOT_CLASS = YES_ERROR;
				CLANG_WARN_RANGE_LOOP_ANALYSIS = YES;
				CLANG_WARN_STRICT_PROTOTYPES = YES;
				CLANG_WARN_SUSPICIOUS_MOVE = YES;
				CLANG_WARN_UNGUARDED_AVAILABILITY = YES_AGGRESSIVE;
				CLANG_WARN_UNREACHABLE_CODE = YES;
				CLANG_WARN__DUPLICATE_METHOD_MATCH = YES;
				CODE_SIGN_IDENTITY = "iPhone Developer";
				COPY_PHASE_STRIP = NO;
				DEBUG_INFORMATION_FORMAT = "dwarf-with-dsym";
				ENABLE_NS_ASSERTIONS = NO;
				ENABLE_STRICT_OBJC_MSGSEND = YES;
				GCC_C_LANGUAGE_STANDARD = gnu11;
				GCC_NO_COMMON_BLOCKS = YES;
				GCC_WARN_64_TO_32_BIT_CONVERSION = YES;
				GCC_WARN_ABOUT_RETURN_TYPE = YES_ERROR;
				GCC_WARN_UNDECLARED_SELECTOR = YES;
				GCC_WARN_UNINITIALIZED_AUTOS = YES_AGGRESSIVE;
				GCC_WARN_UNUSED_FUNCTION = YES;
				GCC_WARN_UNUSED_VARIABLE = YES;
				IPHONEOS_DEPLOYMENT_TARGET = 11.0;
				MTL_ENABLE_DEBUG_INFO = NO;
				SDKROOT = iphoneos;
				SWIFT_OPTIMIZATION_LEVEL = "-Owholemodule";
				VALIDATE_PRODUCT = YES;
			};
			name = Release;
		};
		F4A0B88D1F87E4B9008E4743 /* Debug */ = {
			isa = XCBuildConfiguration;
			baseConfigurationReference = 433B38227CCB3621D8D9EB64 /* Pods-yeslap.debug.xcconfig */;
			buildSettings = {
				ASSETCATALOG_COMPILER_APPICON_NAME = AppIcon;
				CODE_SIGN_STYLE = Automatic;
				DEVELOPMENT_TEAM = 8UW672R5KC;
				INFOPLIST_FILE = yeslap/Info.plist;
				LD_RUNPATH_SEARCH_PATHS = "$(inherited) @executable_path/Frameworks";
				PRODUCT_BUNDLE_IDENTIFIER = com.yeslap;
				PRODUCT_NAME = "$(TARGET_NAME)";
				SWIFT_VERSION = 4.0;
				TARGETED_DEVICE_FAMILY = "1,2";
			};
			name = Debug;
		};
		F4A0B88E1F87E4B9008E4743 /* Release */ = {
			isa = XCBuildConfiguration;
			baseConfigurationReference = 453861F625766929E0D37220 /* Pods-yeslap.release.xcconfig */;
			buildSettings = {
				ASSETCATALOG_COMPILER_APPICON_NAME = AppIcon;
				CODE_SIGN_STYLE = Automatic;
				DEVELOPMENT_TEAM = 8UW672R5KC;
				INFOPLIST_FILE = yeslap/Info.plist;
				LD_RUNPATH_SEARCH_PATHS = "$(inherited) @executable_path/Frameworks";
				PRODUCT_BUNDLE_IDENTIFIER = com.yeslap;
				PRODUCT_NAME = "$(TARGET_NAME)";
				SWIFT_VERSION = 4.0;
				TARGETED_DEVICE_FAMILY = "1,2";
			};
			name = Release;
		};
		F4A0B8901F87E4B9008E4743 /* Debug */ = {
			isa = XCBuildConfiguration;
			baseConfigurationReference = A0D42EF488F2E9364099790D /* Pods-yeslapTests.debug.xcconfig */;
			buildSettings = {
				ALWAYS_EMBED_SWIFT_STANDARD_LIBRARIES = YES;
				BUNDLE_LOADER = "$(TEST_HOST)";
				CODE_SIGN_STYLE = Automatic;
				DEVELOPMENT_TEAM = 8UW672R5KC;
				INFOPLIST_FILE = yeslapTests/Info.plist;
				LD_RUNPATH_SEARCH_PATHS = "$(inherited) @executable_path/Frameworks @loader_path/Frameworks";
				PRODUCT_BUNDLE_IDENTIFIER = com.yeslapTests;
				PRODUCT_NAME = "$(TARGET_NAME)";
				SWIFT_VERSION = 4.0;
				TARGETED_DEVICE_FAMILY = "1,2";
				TEST_HOST = "$(BUILT_PRODUCTS_DIR)/yeslap.app/yeslap";
			};
			name = Debug;
		};
		F4A0B8911F87E4B9008E4743 /* Release */ = {
			isa = XCBuildConfiguration;
			baseConfigurationReference = A6FA92A77880045EF9B82AE9 /* Pods-yeslapTests.release.xcconfig */;
			buildSettings = {
				ALWAYS_EMBED_SWIFT_STANDARD_LIBRARIES = YES;
				BUNDLE_LOADER = "$(TEST_HOST)";
				CODE_SIGN_STYLE = Automatic;
				DEVELOPMENT_TEAM = 8UW672R5KC;
				INFOPLIST_FILE = yeslapTests/Info.plist;
				LD_RUNPATH_SEARCH_PATHS = "$(inherited) @executable_path/Frameworks @loader_path/Frameworks";
				PRODUCT_BUNDLE_IDENTIFIER = com.yeslapTests;
				PRODUCT_NAME = "$(TARGET_NAME)";
				SWIFT_VERSION = 4.0;
				TARGETED_DEVICE_FAMILY = "1,2";
				TEST_HOST = "$(BUILT_PRODUCTS_DIR)/yeslap.app/yeslap";
			};
			name = Release;
		};
		F4A0B8931F87E4B9008E4743 /* Debug */ = {
			isa = XCBuildConfiguration;
			baseConfigurationReference = 09F582AE9009EDBC8D4E6FEF /* Pods-yeslapUITests.debug.xcconfig */;
			buildSettings = {
				ALWAYS_EMBED_SWIFT_STANDARD_LIBRARIES = YES;
				CODE_SIGN_STYLE = Automatic;
				DEVELOPMENT_TEAM = 8UW672R5KC;
				INFOPLIST_FILE = yeslapUITests/Info.plist;
				LD_RUNPATH_SEARCH_PATHS = "$(inherited) @executable_path/Frameworks @loader_path/Frameworks";
				PRODUCT_BUNDLE_IDENTIFIER = com.yeslapUITests;
				PRODUCT_NAME = "$(TARGET_NAME)";
				SWIFT_VERSION = 4.0;
				TARGETED_DEVICE_FAMILY = "1,2";
				TEST_TARGET_NAME = yeslap;
			};
			name = Debug;
		};
		F4A0B8941F87E4B9008E4743 /* Release */ = {
			isa = XCBuildConfiguration;
			baseConfigurationReference = D71524B95663A43875C1B702 /* Pods-yeslapUITests.release.xcconfig */;
			buildSettings = {
				ALWAYS_EMBED_SWIFT_STANDARD_LIBRARIES = YES;
				CODE_SIGN_STYLE = Automatic;
				DEVELOPMENT_TEAM = 8UW672R5KC;
				INFOPLIST_FILE = yeslapUITests/Info.plist;
				LD_RUNPATH_SEARCH_PATHS = "$(inherited) @executable_path/Frameworks @loader_path/Frameworks";
				PRODUCT_BUNDLE_IDENTIFIER = com.yeslapUITests;
				PRODUCT_NAME = "$(TARGET_NAME)";
				SWIFT_VERSION = 4.0;
				TARGETED_DEVICE_FAMILY = "1,2";
				TEST_TARGET_NAME = yeslap;
			};
			name = Release;
		};
/* End XCBuildConfiguration section */

/* Begin XCConfigurationList section */
		F4A0B85F1F87E4B9008E4743 /* Build configuration list for PBXProject "yeslap" */ = {
			isa = XCConfigurationList;
			buildConfigurations = (
				F4A0B88A1F87E4B9008E4743 /* Debug */,
				F4A0B88B1F87E4B9008E4743 /* Release */,
			);
			defaultConfigurationIsVisible = 0;
			defaultConfigurationName = Release;
		};
		F4A0B88C1F87E4B9008E4743 /* Build configuration list for PBXNativeTarget "yeslap" */ = {
			isa = XCConfigurationList;
			buildConfigurations = (
				F4A0B88D1F87E4B9008E4743 /* Debug */,
				F4A0B88E1F87E4B9008E4743 /* Release */,
			);
			defaultConfigurationIsVisible = 0;
			defaultConfigurationName = Release;
		};
		F4A0B88F1F87E4B9008E4743 /* Build configuration list for PBXNativeTarget "yeslapTests" */ = {
			isa = XCConfigurationList;
			buildConfigurations = (
				F4A0B8901F87E4B9008E4743 /* Debug */,
				F4A0B8911F87E4B9008E4743 /* Release */,
			);
			defaultConfigurationIsVisible = 0;
			defaultConfigurationName = Release;
		};
		F4A0B8921F87E4B9008E4743 /* Build configuration list for PBXNativeTarget "yeslapUITests" */ = {
			isa = XCConfigurationList;
			buildConfigurations = (
				F4A0B8931F87E4B9008E4743 /* Debug */,
				F4A0B8941F87E4B9008E4743 /* Release */,
			);
			defaultConfigurationIsVisible = 0;
			defaultConfigurationName = Release;
		};
/* End XCConfigurationList section */
	};
	rootObject = F4A0B85C1F87E4B9008E4743 /* Project object */;
}
